
Microsoft Visual Studio Solution File, Format Version 12.00
# Visual Studio 2013
VisualStudioVersion = 12.0.21005.1
MinimumVisualStudioVersion = 10.0.40219.1
Project("{FAE04EC0-301F-11D3-BF4B-00C04F79EFBC}") = "PortalRepRap", "PortalRepRap\PortalRepRap.csproj", "{649D9103-3508-4EDB-8637-6B67466A1557}"
EndProject
Project("{2150E333-8FDC-42A3-9474-1A3956D46DE8}") = "PortalRepRap.Core", "PortalRepRap.Core", "{4F2DA724-CB59-4417-874F-664E463ECB75}"
EndProject
Project("{FAE04EC0-301F-11D3-BF4B-00C04F79EFBC}") = "PortalRepRap.Core.DAL", "PortalRepRap.Core.DAL\PortalRepRap.Core.DAL.csproj", "{8641C2D8-8126-4722-B549-EF6EFA9D3799}"
EndProject
Project("{FAE04EC0-301F-11D3-BF4B-00C04F79EFBC}") = "PortalRepRap.Core.Domain", "PortalRepRap.Core.Domain\PortalRepRap.Core.Domain.csproj", "{360568F6-53F4-41AA-A70B-C67B0C77C3C6}"
EndProject
Project("{FAE04EC0-301F-11D3-BF4B-00C04F79EFBC}") = "PortalRepRap.Core.NLog", "PortalRepRap.Core.NLog\PortalRepRap.Core.NLog.csproj", "{D3C816A9-0A88-4139-8841-02D263C72CFA}"
EndProject
Project("{FAE04EC0-301F-11D3-BF4B-00C04F79EFBC}") = "PortalRepRap.Core.Repository", "PortalRepRap.Core.Repository\PortalRepRap.Core.Repository.csproj", "{19E6D7BB-7948-429E-A19A-EEB05C827064}"
EndProject
Project("{2150E333-8FDC-42A3-9474-1A3956D46DE8}") = "Database", "Database", "{986FCF6B-5DCD-40B8-AB7D-DCA66F4E6AFC}"
	ProjectSection(SolutionItems) = preProject
		201308202143_CreateDatabase.sql = 201308202143_CreateDatabase.sql
		201308202148_CreateTables.sql = 201308202148_CreateTables.sql
		201312152138_ProductTables.sql = 201312152138_ProductTables.sql
	EndProjectSection
EndProject
Project("{FAE04EC0-301F-11D3-BF4B-00C04F79EFBC}") = "PortalRepRap.Adm", "PortalRepRap.Adm\PortalRepRap.Adm.csproj", "{E0CA7797-3A9A-45CA-B5A9-FAB3399FAF3D}"
EndProject
Global
	GlobalSection(SolutionConfigurationPlatforms) = preSolution
		Debug|Any CPU = Debug|Any CPU
		Release|Any CPU = Release|Any CPU
	EndGlobalSection
	GlobalSection(ProjectConfigurationPlatforms) = postSolution
		{649D9103-3508-4EDB-8637-6B67466A1557}.Debug|Any CPU.ActiveCfg = Debug|Any CPU
		{649D9103-3508-4EDB-8637-6B67466A1557}.Debug|Any CPU.Build.0 = Debug|Any CPU
		{649D9103-3508-4EDB-8637-6B67466A1557}.Release|Any CPU.ActiveCfg = Release|Any CPU
		{649D9103-3508-4EDB-8637-6B67466A1557}.Release|Any CPU.Build.0 = Release|Any CPU
		{8641C2D8-8126-4722-B549-EF6EFA9D3799}.Debug|Any CPU.ActiveCfg = Debug|Any CPU
		{8641C2D8-8126-4722-B549-EF6EFA9D3799}.Debug|Any CPU.Build.0 = Debug|Any CPU
		{8641C2D8-8126-4722-B549-EF6EFA9D3799}.Release|Any CPU.ActiveCfg = Release|Any CPU
		{8641C2D8-8126-4722-B549-EF6EFA9D3799}.Release|Any CPU.Build.0 = Release|Any CPU
		{360568F6-53F4-41AA-A70B-C67B0C77C3C6}.Debug|Any CPU.ActiveCfg = Debug|Any CPU
		{360568F6-53F4-41AA-A70B-C67B0C77C3C6}.Debug|Any CPU.Build.0 = Debug|Any CPU
		{360568F6-53F4-41AA-A70B-C67B0C77C3C6}.Release|Any CPU.ActiveCfg = Release|Any CPU
		{360568F6-53F4-41AA-A70B-C67B0C77C3C6}.Release|Any CPU.Build.0 = Release|Any CPU
		{D3C816A9-0A88-4139-8841-02D263C72CFA}.Debug|Any CPU.ActiveCfg = Debug|Any CPU
		{D3C816A9-0A88-4139-8841-02D263C72CFA}.Debug|Any CPU.Build.0 = Debug|Any CPU
		{D3C816A9-0A88-4139-8841-02D263C72CFA}.Release|Any CPU.ActiveCfg = Release|Any CPU
		{D3C816A9-0A88-4139-8841-02D263C72CFA}.Release|Any CPU.Build.0 = Release|Any CPU
		{19E6D7BB-7948-429E-A19A-EEB05C827064}.Debug|Any CPU.ActiveCfg = Debug|Any CPU
		{19E6D7BB-7948-429E-A19A-EEB05C827064}.Debug|Any CPU.Build.0 = Debug|Any CPU
		{19E6D7BB-7948-429E-A19A-EEB05C827064}.Release|Any CPU.ActiveCfg = Release|Any CPU
		{19E6D7BB-7948-429E-A19A-EEB05C827064}.Release|Any CPU.Build.0 = Release|Any CPU
		{E0CA7797-3A9A-45CA-B5A9-FAB3399FAF3D}.Debug|Any CPU.ActiveCfg = Debug|Any CPU
		{E0CA7797-3A9A-45CA-B5A9-FAB3399FAF3D}.Debug|Any CPU.Build.0 = Debug|Any CPU
		{E0CA7797-3A9A-45CA-B5A9-FAB3399FAF3D}.Release|Any CPU.ActiveCfg = Release|Any CPU
		{E0CA7797-3A9A-45CA-B5A9-FAB3399FAF3D}.Release|Any CPU.Build.0 = Release|Any CPU
	EndGlobalSection
	GlobalSection(SolutionProperties) = preSolution
		HideSolutionNode = FALSE
	EndGlobalSection
	GlobalSection(NestedProjects) = preSolution
		{8641C2D8-8126-4722-B549-EF6EFA9D3799} = {4F2DA724-CB59-4417-874F-664E463ECB75}
		{360568F6-53F4-41AA-A70B-C67B0C77C3C6} = {4F2DA724-CB59-4417-874F-664E463ECB75}
		{D3C816A9-0A88-4139-8841-02D263C72CFA} = {4F2DA724-CB59-4417-874F-664E463ECB75}
		{19E6D7BB-7948-429E-A19A-EEB05C827064} = {4F2DA724-CB59-4417-874F-664E463ECB75}
	EndGlobalSection
EndGlobal
